
Microsoft Visual Studio Solution File, Format Version 12.00
# Visual Studio Version 16
VisualStudioVersion = 16.0.30717.126
MinimumVisualStudioVersion = 10.0.40219.1
Project("{FAE04EC0-301F-11D3-BF4B-00C04F79EFBC}") = "demo_web_07", "demo_web_07\demo_web_07.csproj", "{A18B4150-C566-4A0E-AE68-BEE5CD750244}"
EndProject
Global
	GlobalSection(SolutionConfigurationPlatforms) = preSolution
		Debug|Any CPU = Debug|Any CPU
		Release|Any CPU = Release|Any CPU
	EndGlobalSection
	GlobalSection(ProjectConfigurationPlatforms) = postSolution
		{A18B4150-C566-4A0E-AE68-BEE5CD750244}.Debug|Any CPU.ActiveCfg = Debug|Any CPU
		{A18B4150-C566-4A0E-AE68-BEE5CD750244}.Debug|Any CPU.Build.0 = Debug|Any CPU
		{A18B4150-C566-4A0E-AE68-BEE5CD750244}.Release|Any CPU.ActiveCfg = Release|Any CPU
		{A18B4150-C566-4A0E-AE68-BEE5CD750244}.Release|Any CPU.Build.0 = Release|Any CPU
	EndGlobalSection
	GlobalSection(SolutionProperties) = preSolution
		HideSolutionNode = FALSE
	EndGlobalSection
	GlobalSection(ExtensibilityGlobals) = postSolution
		SolutionGuid = {D8D40BBA-1BDE-445C-873F-D237268D32EF}
	EndGlobalSection
EndGlobal
